
Microsoft Visual Studio Solution File, Format Version 12.00
# Visual Studio Version 17
VisualStudioVersion = 17.5.33627.172
MinimumVisualStudioVersion = 10.0.40219.1
Project("{FAE04EC0-301F-11D3-BF4B-00C04F79EFBC}") = "ConsoleApp10", "ConsoleApp10\ConsoleApp10.csproj", "{0B978ED5-1E77-4554-B0C6-0534D2FA9982}"
EndProject
Global
	GlobalSection(SolutionConfigurationPlatforms) = preSolution
		Debug|Any CPU = Debug|Any CPU
		Release|Any CPU = Release|Any CPU
	EndGlobalSection
	GlobalSection(ProjectConfigurationPlatforms) = postSolution
		{0B978ED5-1E77-4554-B0C6-0534D2FA9982}.Debug|Any CPU.ActiveCfg = Debug|Any CPU
		{0B978ED5-1E77-4554-B0C6-0534D2FA9982}.Debug|Any CPU.Build.0 = Debug|Any CPU
		{0B978ED5-1E77-4554-B0C6-0534D2FA9982}.Release|Any CPU.ActiveCfg = Release|Any CPU
		{0B978ED5-1E77-4554-B0C6-0534D2FA9982}.Release|Any CPU.Build.0 = Release|Any CPU
	EndGlobalSection
	GlobalSection(SolutionProperties) = preSolution
		HideSolutionNode = FALSE
	EndGlobalSection
	GlobalSection(ExtensibilityGlobals) = postSolution
		SolutionGuid = {A6C7D6DA-8362-4F97-8AB3-0CDE8E0ADB6B}
	EndGlobalSection
EndGlobal
